
Microsoft Visual Studio Solution File, Format Version 12.00
Project("{FAE04EC0-301F-11D3-BF4B-00C04F79EFBC}") = "API", "API\API.csproj", "{09C93168-7BB6-4889-8676-D1CEFEC5FB4A}"
	ProjectSection(ProjectDependencies) = postProject
		{A0288BED-67CB-4EA7-8095-664160DA950D} = {A0288BED-67CB-4EA7-8095-664160DA950D}
		{1AA5237E-4658-4B3C-AD3C-34438E5377F4} = {1AA5237E-4658-4B3C-AD3C-34438E5377F4}
	EndProjectSection
EndProject
Project("{FAE04EC0-301F-11D3-BF4B-00C04F79EFBC}") = "DomainModel", "DomainModel\DomainModel.csproj", "{1AA5237E-4658-4B3C-AD3C-34438E5377F4}"
EndProject
Project("{FAE04EC0-301F-11D3-BF4B-00C04F79EFBC}") = "Infrastructure", "Infrastructure\Infrastructure.csproj", "{A0288BED-67CB-4EA7-8095-664160DA950D}"
EndProject
Project("{FAE04EC0-301F-11D3-BF4B-00C04F79EFBC}") = "ReadModel", "ReadModel\ReadModel.csproj", "{B5EBD602-843A-4179-BCB6-074DC4C74642}"
EndProject
Project("{FAE04EC0-301F-11D3-BF4B-00C04F79EFBC}") = "Tests", "Tests\Tests.csproj", "{A32A6F73-B5EB-484C-B297-473BAF11B5FE}"
EndProject
Global
	GlobalSection(SolutionConfigurationPlatforms) = preSolution
		Debug|Any CPU = Debug|Any CPU
		Release|Any CPU = Release|Any CPU
	EndGlobalSection
	GlobalSection(ProjectConfigurationPlatforms) = postSolution
		{09C93168-7BB6-4889-8676-D1CEFEC5FB4A}.Debug|Any CPU.ActiveCfg = Debug|Any CPU
		{09C93168-7BB6-4889-8676-D1CEFEC5FB4A}.Debug|Any CPU.Build.0 = Debug|Any CPU
		{09C93168-7BB6-4889-8676-D1CEFEC5FB4A}.Release|Any CPU.ActiveCfg = Release|Any CPU
		{09C93168-7BB6-4889-8676-D1CEFEC5FB4A}.Release|Any CPU.Build.0 = Release|Any CPU
		{1AA5237E-4658-4B3C-AD3C-34438E5377F4}.Debug|Any CPU.ActiveCfg = Debug|Any CPU
		{1AA5237E-4658-4B3C-AD3C-34438E5377F4}.Debug|Any CPU.Build.0 = Debug|Any CPU
		{1AA5237E-4658-4B3C-AD3C-34438E5377F4}.Release|Any CPU.ActiveCfg = Release|Any CPU
		{1AA5237E-4658-4B3C-AD3C-34438E5377F4}.Release|Any CPU.Build.0 = Release|Any CPU
		{A0288BED-67CB-4EA7-8095-664160DA950D}.Debug|Any CPU.ActiveCfg = Debug|Any CPU
		{A0288BED-67CB-4EA7-8095-664160DA950D}.Debug|Any CPU.Build.0 = Debug|Any CPU
		{A0288BED-67CB-4EA7-8095-664160DA950D}.Release|Any CPU.ActiveCfg = Release|Any CPU
		{A0288BED-67CB-4EA7-8095-664160DA950D}.Release|Any CPU.Build.0 = Release|Any CPU
		{B5EBD602-843A-4179-BCB6-074DC4C74642}.Debug|Any CPU.ActiveCfg = Debug|Any CPU
		{B5EBD602-843A-4179-BCB6-074DC4C74642}.Debug|Any CPU.Build.0 = Debug|Any CPU
		{B5EBD602-843A-4179-BCB6-074DC4C74642}.Release|Any CPU.ActiveCfg = Release|Any CPU
		{B5EBD602-843A-4179-BCB6-074DC4C74642}.Release|Any CPU.Build.0 = Release|Any CPU
		{A32A6F73-B5EB-484C-B297-473BAF11B5FE}.Debug|Any CPU.ActiveCfg = Debug|Any CPU
		{A32A6F73-B5EB-484C-B297-473BAF11B5FE}.Debug|Any CPU.Build.0 = Debug|Any CPU
		{A32A6F73-B5EB-484C-B297-473BAF11B5FE}.Release|Any CPU.ActiveCfg = Release|Any CPU
		{A32A6F73-B5EB-484C-B297-473BAF11B5FE}.Release|Any CPU.Build.0 = Release|Any CPU
	EndGlobalSection
EndGlobal
